
Microsoft Visual Studio Solution File, Format Version 12.00
# Visual Studio 2013
VisualStudioVersion = 12.0.40629.0
MinimumVisualStudioVersion = 10.0.40219.1
Project("{FAE04EC0-301F-11D3-BF4B-00C04F79EFBC}") = "EmptyProject.Domain", "EmptyProject.Domain\EmptyProject.Domain.csproj", "{73D4BC28-6688-4416-9DBC-9D0A263651A0}"
EndProject
Project("{FAE04EC0-301F-11D3-BF4B-00C04F79EFBC}") = "EmptyProject.Store", "EmptyProject.Store\EmptyProject.Store.csproj", "{122D7F91-0BBA-4F86-B67A-7114BCC0B912}"
EndProject
Project("{FAE04EC0-301F-11D3-BF4B-00C04F79EFBC}") = "EmptyProject.Store.Interface", "EmptyProject.Store.Interface\EmptyProject.Store.Interface.csproj", "{6F5EBF57-4437-41D1-85B7-E555A145E1F6}"
EndProject
Project("{FAE04EC0-301F-11D3-BF4B-00C04F79EFBC}") = "EmptyProject.DomainService", "EmptyProject.DomainService\EmptyProject.DomainService.csproj", "{9DD94875-AB6E-4470-82E5-4288A82C5A3D}"
EndProject
Project("{FAE04EC0-301F-11D3-BF4B-00C04F79EFBC}") = "EmptyProject.DomainService.Interface", "EmptyProject.DomainService.Interface\EmptyProject.DomainService.Interface.csproj", "{016A575E-141C-424A-BEE9-4D62C717FF8E}"
EndProject
Project("{FAE04EC0-301F-11D3-BF4B-00C04F79EFBC}") = "EmptyProject.HangfireService", "EmptyProject.HangfireService\EmptyProject.HangfireService.csproj", "{47E48A01-8965-4A69-989E-13C53646B787}"
EndProject
Project("{FAE04EC0-301F-11D3-BF4B-00C04F79EFBC}") = "EmptyProject.HangfireService.Schedule", "EmptyProject.HangfireService.Schedule\EmptyProject.HangfireService.Schedule.csproj", "{768B6AB6-F33F-4E8C-A0C4-5F516D192C32}"
EndProject
Project("{2150E333-8FDC-42A3-9474-1A3956D46DE8}") = "EmptyProjectHangfireService", "EmptyProjectHangfireService", "{81C70572-2124-4533-9A2E-40C47260168E}"
EndProject
Project("{FAE04EC0-301F-11D3-BF4B-00C04F79EFBC}") = "EmptyProject.Service", "EmptyProject.Service\EmptyProject.Service.csproj", "{B4231081-F39B-49C5-9C89-EC45EEBF0B7B}"
EndProject
Global
	GlobalSection(SolutionConfigurationPlatforms) = preSolution
		Debug|Any CPU = Debug|Any CPU
		Release|Any CPU = Release|Any CPU
	EndGlobalSection
	GlobalSection(ProjectConfigurationPlatforms) = postSolution
		{73D4BC28-6688-4416-9DBC-9D0A263651A0}.Debug|Any CPU.ActiveCfg = Debug|Any CPU
		{73D4BC28-6688-4416-9DBC-9D0A263651A0}.Debug|Any CPU.Build.0 = Debug|Any CPU
		{73D4BC28-6688-4416-9DBC-9D0A263651A0}.Release|Any CPU.ActiveCfg = Release|Any CPU
		{73D4BC28-6688-4416-9DBC-9D0A263651A0}.Release|Any CPU.Build.0 = Release|Any CPU
		{122D7F91-0BBA-4F86-B67A-7114BCC0B912}.Debug|Any CPU.ActiveCfg = Debug|Any CPU
		{122D7F91-0BBA-4F86-B67A-7114BCC0B912}.Debug|Any CPU.Build.0 = Debug|Any CPU
		{122D7F91-0BBA-4F86-B67A-7114BCC0B912}.Release|Any CPU.ActiveCfg = Release|Any CPU
		{122D7F91-0BBA-4F86-B67A-7114BCC0B912}.Release|Any CPU.Build.0 = Release|Any CPU
		{6F5EBF57-4437-41D1-85B7-E555A145E1F6}.Debug|Any CPU.ActiveCfg = Debug|Any CPU
		{6F5EBF57-4437-41D1-85B7-E555A145E1F6}.Debug|Any CPU.Build.0 = Debug|Any CPU
		{6F5EBF57-4437-41D1-85B7-E555A145E1F6}.Release|Any CPU.ActiveCfg = Release|Any CPU
		{6F5EBF57-4437-41D1-85B7-E555A145E1F6}.Release|Any CPU.Build.0 = Release|Any CPU
		{9DD94875-AB6E-4470-82E5-4288A82C5A3D}.Debug|Any CPU.ActiveCfg = Debug|Any CPU
		{9DD94875-AB6E-4470-82E5-4288A82C5A3D}.Debug|Any CPU.Build.0 = Debug|Any CPU
		{9DD94875-AB6E-4470-82E5-4288A82C5A3D}.Release|Any CPU.ActiveCfg = Release|Any CPU
		{9DD94875-AB6E-4470-82E5-4288A82C5A3D}.Release|Any CPU.Build.0 = Release|Any CPU
		{016A575E-141C-424A-BEE9-4D62C717FF8E}.Debug|Any CPU.ActiveCfg = Debug|Any CPU
		{016A575E-141C-424A-BEE9-4D62C717FF8E}.Debug|Any CPU.Build.0 = Debug|Any CPU
		{016A575E-141C-424A-BEE9-4D62C717FF8E}.Release|Any CPU.ActiveCfg = Release|Any CPU
		{016A575E-141C-424A-BEE9-4D62C717FF8E}.Release|Any CPU.Build.0 = Release|Any CPU
		{47E48A01-8965-4A69-989E-13C53646B787}.Debug|Any CPU.ActiveCfg = Debug|Any CPU
		{47E48A01-8965-4A69-989E-13C53646B787}.Debug|Any CPU.Build.0 = Debug|Any CPU
		{47E48A01-8965-4A69-989E-13C53646B787}.Release|Any CPU.ActiveCfg = Release|Any CPU
		{47E48A01-8965-4A69-989E-13C53646B787}.Release|Any CPU.Build.0 = Release|Any CPU
		{768B6AB6-F33F-4E8C-A0C4-5F516D192C32}.Debug|Any CPU.ActiveCfg = Debug|Any CPU
		{768B6AB6-F33F-4E8C-A0C4-5F516D192C32}.Debug|Any CPU.Build.0 = Debug|Any CPU
		{768B6AB6-F33F-4E8C-A0C4-5F516D192C32}.Release|Any CPU.ActiveCfg = Release|Any CPU
		{768B6AB6-F33F-4E8C-A0C4-5F516D192C32}.Release|Any CPU.Build.0 = Release|Any CPU
		{B4231081-F39B-49C5-9C89-EC45EEBF0B7B}.Debug|Any CPU.ActiveCfg = Debug|Any CPU
		{B4231081-F39B-49C5-9C89-EC45EEBF0B7B}.Debug|Any CPU.Build.0 = Debug|Any CPU
		{B4231081-F39B-49C5-9C89-EC45EEBF0B7B}.Release|Any CPU.ActiveCfg = Release|Any CPU
		{B4231081-F39B-49C5-9C89-EC45EEBF0B7B}.Release|Any CPU.Build.0 = Release|Any CPU
	EndGlobalSection
	GlobalSection(SolutionProperties) = preSolution
		HideSolutionNode = FALSE
	EndGlobalSection
	GlobalSection(NestedProjects) = preSolution
		{47E48A01-8965-4A69-989E-13C53646B787} = {81C70572-2124-4533-9A2E-40C47260168E}
		{768B6AB6-F33F-4E8C-A0C4-5F516D192C32} = {81C70572-2124-4533-9A2E-40C47260168E}
	EndGlobalSection
EndGlobal
