
Microsoft Visual Studio Solution File, Format Version 11.00
# Visual Studio 2010
Project("{FAE04EC0-301F-11D3-BF4B-00C04F79EFBC}") = "EmptyProject.Repository.Interface", "EmptyProject.Repository.Interface\EmptyProject.Repository.Interface.csproj", "{00AC9287-5ED2-428C-99C8-0C71689EC7E4}"
EndProject
Project("{FAE04EC0-301F-11D3-BF4B-00C04F79EFBC}") = "EmptyProject.Repository", "EmptyProject.Repository\EmptyProject.Repository.csproj", "{863BABF2-F45F-4046-BE62-6E90322F8495}"
EndProject
Project("{FAE04EC0-301F-11D3-BF4B-00C04F79EFBC}") = "EmptyProject.DomainService.Interface", "EmptyProject.DomainService.Interface\EmptyProject.DomainService.Interface.csproj", "{4539E41F-429A-4BF3-B092-1297FB4C4169}"
EndProject
Project("{FAE04EC0-301F-11D3-BF4B-00C04F79EFBC}") = "EmptyProject.DomainService", "EmptyProject.DomainService\EmptyProject.DomainService.csproj", "{956B852D-2526-48DD-94C8-DA4C984DC354}"
EndProject
Project("{FAE04EC0-301F-11D3-BF4B-00C04F79EFBC}") = "EmptyProject.Domain", "EmptyProject.Domain\EmptyProject.Domain.csproj", "{643F2D33-B25C-49E8-B6BB-49B5257C583A}"
EndProject
Project("{FAE04EC0-301F-11D3-BF4B-00C04F79EFBC}") = "EmptyProject.Models", "EmptyProject.Models\EmptyProject.Models.csproj", "{6D3AB6F5-92AB-4145-AD0B-192D4BEAA8C0}"
EndProject
Project("{FAE04EC0-301F-11D3-BF4B-00C04F79EFBC}") = "EmptyProject.Manage", "EmptyProject.Manage\EmptyProject.Manage.csproj", "{CD0FF6D1-C3AF-4F19-A5DE-AE064D87995C}"
EndProject
Global
	GlobalSection(SubversionScc) = preSolution
		Svn-Managed = True
		Manager = AnkhSVN - Subversion Support for Visual Studio
	EndGlobalSection
	GlobalSection(SolutionConfigurationPlatforms) = preSolution
		Debug|Any CPU = Debug|Any CPU
		Release|Any CPU = Release|Any CPU
	EndGlobalSection
	GlobalSection(ProjectConfigurationPlatforms) = postSolution
		{00AC9287-5ED2-428C-99C8-0C71689EC7E4}.Debug|Any CPU.ActiveCfg = Debug|Any CPU
		{00AC9287-5ED2-428C-99C8-0C71689EC7E4}.Debug|Any CPU.Build.0 = Debug|Any CPU
		{00AC9287-5ED2-428C-99C8-0C71689EC7E4}.Release|Any CPU.ActiveCfg = Release|Any CPU
		{00AC9287-5ED2-428C-99C8-0C71689EC7E4}.Release|Any CPU.Build.0 = Release|Any CPU
		{863BABF2-F45F-4046-BE62-6E90322F8495}.Debug|Any CPU.ActiveCfg = Debug|Any CPU
		{863BABF2-F45F-4046-BE62-6E90322F8495}.Debug|Any CPU.Build.0 = Debug|Any CPU
		{863BABF2-F45F-4046-BE62-6E90322F8495}.Release|Any CPU.ActiveCfg = Release|Any CPU
		{863BABF2-F45F-4046-BE62-6E90322F8495}.Release|Any CPU.Build.0 = Release|Any CPU
		{4539E41F-429A-4BF3-B092-1297FB4C4169}.Debug|Any CPU.ActiveCfg = Debug|Any CPU
		{4539E41F-429A-4BF3-B092-1297FB4C4169}.Debug|Any CPU.Build.0 = Debug|Any CPU
		{4539E41F-429A-4BF3-B092-1297FB4C4169}.Release|Any CPU.ActiveCfg = Release|Any CPU
		{4539E41F-429A-4BF3-B092-1297FB4C4169}.Release|Any CPU.Build.0 = Release|Any CPU
		{956B852D-2526-48DD-94C8-DA4C984DC354}.Debug|Any CPU.ActiveCfg = Debug|Any CPU
		{956B852D-2526-48DD-94C8-DA4C984DC354}.Debug|Any CPU.Build.0 = Debug|Any CPU
		{956B852D-2526-48DD-94C8-DA4C984DC354}.Release|Any CPU.ActiveCfg = Release|Any CPU
		{956B852D-2526-48DD-94C8-DA4C984DC354}.Release|Any CPU.Build.0 = Release|Any CPU
		{643F2D33-B25C-49E8-B6BB-49B5257C583A}.Debug|Any CPU.ActiveCfg = Debug|Any CPU
		{643F2D33-B25C-49E8-B6BB-49B5257C583A}.Debug|Any CPU.Build.0 = Debug|Any CPU
		{643F2D33-B25C-49E8-B6BB-49B5257C583A}.Release|Any CPU.ActiveCfg = Release|Any CPU
		{643F2D33-B25C-49E8-B6BB-49B5257C583A}.Release|Any CPU.Build.0 = Release|Any CPU
		{6D3AB6F5-92AB-4145-AD0B-192D4BEAA8C0}.Debug|Any CPU.ActiveCfg = Debug|Any CPU
		{6D3AB6F5-92AB-4145-AD0B-192D4BEAA8C0}.Debug|Any CPU.Build.0 = Debug|Any CPU
		{6D3AB6F5-92AB-4145-AD0B-192D4BEAA8C0}.Release|Any CPU.ActiveCfg = Release|Any CPU
		{6D3AB6F5-92AB-4145-AD0B-192D4BEAA8C0}.Release|Any CPU.Build.0 = Release|Any CPU
		{CD0FF6D1-C3AF-4F19-A5DE-AE064D87995C}.Debug|Any CPU.ActiveCfg = Debug|Any CPU
		{CD0FF6D1-C3AF-4F19-A5DE-AE064D87995C}.Debug|Any CPU.Build.0 = Debug|Any CPU
		{CD0FF6D1-C3AF-4F19-A5DE-AE064D87995C}.Release|Any CPU.ActiveCfg = Release|Any CPU
		{CD0FF6D1-C3AF-4F19-A5DE-AE064D87995C}.Release|Any CPU.Build.0 = Release|Any CPU
	EndGlobalSection
	GlobalSection(SolutionProperties) = preSolution
		HideSolutionNode = FALSE
	EndGlobalSection
EndGlobal
